github.com/StephanHCB/go-autumn-logging v0.2.0 h1:Hy6mlBiJn8VmkOJMkoizQ3MEPLClEHU3HGzuKsb9DWw=
github.com/StephanHCB/go-autumn-logging v0.2.0/go.mod h1:dPABYdECU3XrFib03uXbQFVLftUP5c4YaKSineiw37U=
github.com/StephanHCB/go-autumn-restclient v0.2.1 h1:qprD3QcMnUjFfUhi2GqeYTc8KK68O6nKXUjuC+xMC0Q=
github.com/StephanHCB/go-autumn-restclient v0.2.1/go.mod h1:fdWsJ7QL3M28/Gc5QYg3JRb1BIYdZxq5sab7cOEqE9A=
github.com/davecgh/go-spew v1.1.0 h1:ZDRjVQ15GmhC3fiQ8ni8+OwkZQO4DARzQgrnXU1Liz8=
github.com/davecgh/go-spew v1.1.0/go.mod h1:J7Y8YcW2NihsgmVo/mv3lAwl/skON4iLHjSsI+c5H38=
github.com/go-http-utils/headers v0.0.0-20181008091004-fed159eddc2a/go.mod h1:I79BieaU4fxrw4LMXby6q5OS9XnoR9UIKLOzDFjUmuw=
github.com/pmezard/go-difflib v1.0.0 h1:4DBwDE0NGyQoBHbLQYPwSUPoCMWR5BEzIk/f1lZbAQM=
github.com/pmezard/go-difflib v1.0.0/go.mod h1:iKH77koFhYxTK1pcRnkKkqfTogsbg7gZNVY4sRDYZ/4=
github.com/sony/gobreaker v0.5.0 h1:dRCvqm0P490vZPmy7ppEk2qCnCieBooFJ+YoXGYB+yg=
github.com/sony/gobreaker v0.5.0/go.mod h1:ZKptC7FHNvhBz7dN2LGjPVBz2sZJmc0/PkyDJOjmxWY=
github.com/stretchr/objx v0.1.0/go.mod h1:HFkY916IF+rwdDfMAkV7OtwuqBVzrE8GR6GFx+wExME=
github.com/stretchr/testify v1.3.0/go.mod h1:M5WIy9Dh21IEIfnGCwXGc5bZfKNJtfHm1UVUgZn+9EI=
github.com/stretchr/testify v1.7.1 h1:5TQK59W5E3v0r2duFAb7P95B6hEeOyEnHRa8MjYSMTY=
github.com/stretchr/testify v1.7.1/go.mod h1:6Fq8oRcR53rry900zMqJjRRixrwX3KX962/h/Wwjteg=
github.com/tidwall/tinylru v1.1.0/go.mod h1:3+bX+TJ2baOLMWTnlyNWHh4QMnFyARg2TLTQ6OFbzw8=
gopkg.in/check.v1 v0.0.0-20161208181325-20d25e280405/go.mod h1:Co6ibVJAznAaIkqp8huTwlJQCZ016jof/cbN4VW5Yz0=
gopkg.in/yaml.v3 v3.0.0-20200313102051-9f266ea9e77c h1:dUUwHk2QECo/6vqA44rthZ8ie2QXMNeKRTHCNY2nXvo=
gopkg.in/yaml.v3 v3.0.0-20200313102051-9f266ea9e77c/go.mod h1:K4uyk7z7BCEPqu6E+C64Yfv1cQ7kz7rIZviUmN+EgEM=
